
Microsoft Visual Studio Solution File, Format Version 12.00
# Visual Studio Version 16
VisualStudioVersion = 16.0.31025.218
MinimumVisualStudioVersion = 10.0.40219.1
Project("{FAE04EC0-301F-11D3-BF4B-00C04F79EFBC}") = "Susify", "Susify\Susify.csproj", "{9E4266DA-4F31-414B-A45D-4154ADCCF537}"
EndProject
Global
	GlobalSection(SolutionConfigurationPlatforms) = preSolution
		Debug|Any CPU = Debug|Any CPU
		Release|Any CPU = Release|Any CPU
	EndGlobalSection
	GlobalSection(ProjectConfigurationPlatforms) = postSolution
		{9E4266DA-4F31-414B-A45D-4154ADCCF537}.Debug|Any CPU.ActiveCfg = Debug|Any CPU
		{9E4266DA-4F31-414B-A45D-4154ADCCF537}.Debug|Any CPU.Build.0 = Debug|Any CPU
		{9E4266DA-4F31-414B-A45D-4154ADCCF537}.Release|Any CPU.ActiveCfg = Release|Any CPU
		{9E4266DA-4F31-414B-A45D-4154ADCCF537}.Release|Any CPU.Build.0 = Release|Any CPU
	EndGlobalSection
	GlobalSection(SolutionProperties) = preSolution
		HideSolutionNode = FALSE
	EndGlobalSection
	GlobalSection(ExtensibilityGlobals) = postSolution
		SolutionGuid = {FBC187CF-FE33-4867-B9F6-BBA2B6D13390}
	EndGlobalSection
EndGlobal
